# Prisma Migrate lockfile v1

20200916011414-migration
20200916160537-migration
20200917015415-migration
20200917020456-migration
20200917144352-migration
20200920173208-migration
20200920185923-migration
20200920200119-migration
20200921002517-migration
20200921004047-migration
20200921004625-migration
20200921010244-migration
20200921010352-migration
20200921010600-migration