# Prisma Migrate lockfile v1

20200916011414-migration
20200916160537-migration
20200917015415-migration
20200917020456-migration
20200917144352-migration
20200920173208-migration
20200920185923-migration
20200920200119-migration
20200921002517-migration
20200921004047-migration
20200921004625-migration
20200921010244-migration
20200921010352-migration
20200921010600-migration
20200921011508-migration
20200921112319-migration
20200921113233-migration
20200921120548-migration
20200924172406-migration
20200926021415-migration
20200926021740-migration
20200926022043-migration
20200927164608-migration
20201006115203-migration